
Microsoft Visual Studio Solution File, Format Version 12.00
# Visual Studio Version 17
VisualStudioVersion = 17.8.34227.203
MinimumVisualStudioVersion = 10.0.40219.1
Project("{FAE04EC0-301F-11D3-BF4B-00C04F79EFBC}") = "Test", "Test.csproj", "{F3B070F3-4532-4A83-9F17-D99FAE147234}"
EndProject
Global
	GlobalSection(SolutionConfigurationPlatforms) = preSolution
		Debug|Any CPU = Debug|Any CPU
		Release|Any CPU = Release|Any CPU
	EndGlobalSection
	GlobalSection(ProjectConfigurationPlatforms) = postSolution
		{F3B070F3-4532-4A83-9F17-D99FAE147234}.Debug|Any CPU.ActiveCfg = Debug|Any CPU
		{F3B070F3-4532-4A83-9F17-D99FAE147234}.Debug|Any CPU.Build.0 = Debug|Any CPU
		{F3B070F3-4532-4A83-9F17-D99FAE147234}.Release|Any CPU.ActiveCfg = Release|Any CPU
		{F3B070F3-4532-4A83-9F17-D99FAE147234}.Release|Any CPU.Build.0 = Release|Any CPU
	EndGlobalSection
	GlobalSection(SolutionProperties) = preSolution
		HideSolutionNode = FALSE
	EndGlobalSection
	GlobalSection(ExtensibilityGlobals) = postSolution
		SolutionGuid = {7E377B78-7DB0-423B-9126-0639F08C571B}
	EndGlobalSection
EndGlobal
